
Microsoft Visual Studio Solution File, Format Version 12.00
# Visual Studio 2013
VisualStudioVersion = 12.0.40629.0
MinimumVisualStudioVersion = 10.0.40219.1
Project("{F088123C-0E9E-452A-89E6-6BA2F21D5CAC}") = "Goudkoorts_Kopen", "Goudkoorts_Kopen\Goudkoorts_Kopen.modelproj", "{480551F4-BB07-47E3-A9DD-50B1653B0981}"
EndProject
Project("{FAE04EC0-301F-11D3-BF4B-00C04F79EFBC}") = "Goudkoorts_Verkopen", "Goudkoorts_Verkopen\Goudkoorts_Verkopen.csproj", "{ADA2C455-1508-433F-9151-048F2ED03F06}"
EndProject
Project("{FAE04EC0-301F-11D3-BF4B-00C04F79EFBC}") = "Goudkoorts_KopenLib", "Goudkoorts_KopenLib\Goudkoorts_KopenLib.csproj", "{3148AFD0-E0C2-48FF-851B-709CEC74252A}"
EndProject
Global
	GlobalSection(SolutionConfigurationPlatforms) = preSolution
		Debug|Any CPU = Debug|Any CPU
		Release|Any CPU = Release|Any CPU
	EndGlobalSection
	GlobalSection(ProjectConfigurationPlatforms) = postSolution
		{480551F4-BB07-47E3-A9DD-50B1653B0981}.Debug|Any CPU.ActiveCfg = Debug|Any CPU
		{480551F4-BB07-47E3-A9DD-50B1653B0981}.Debug|Any CPU.Build.0 = Debug|Any CPU
		{480551F4-BB07-47E3-A9DD-50B1653B0981}.Release|Any CPU.ActiveCfg = Release|Any CPU
		{480551F4-BB07-47E3-A9DD-50B1653B0981}.Release|Any CPU.Build.0 = Release|Any CPU
		{ADA2C455-1508-433F-9151-048F2ED03F06}.Debug|Any CPU.ActiveCfg = Debug|Any CPU
		{ADA2C455-1508-433F-9151-048F2ED03F06}.Debug|Any CPU.Build.0 = Debug|Any CPU
		{ADA2C455-1508-433F-9151-048F2ED03F06}.Release|Any CPU.ActiveCfg = Release|Any CPU
		{ADA2C455-1508-433F-9151-048F2ED03F06}.Release|Any CPU.Build.0 = Release|Any CPU
		{3148AFD0-E0C2-48FF-851B-709CEC74252A}.Debug|Any CPU.ActiveCfg = Debug|Any CPU
		{3148AFD0-E0C2-48FF-851B-709CEC74252A}.Debug|Any CPU.Build.0 = Debug|Any CPU
		{3148AFD0-E0C2-48FF-851B-709CEC74252A}.Release|Any CPU.ActiveCfg = Release|Any CPU
		{3148AFD0-E0C2-48FF-851B-709CEC74252A}.Release|Any CPU.Build.0 = Release|Any CPU
	EndGlobalSection
	GlobalSection(SolutionProperties) = preSolution
		HideSolutionNode = FALSE
	EndGlobalSection
EndGlobal
